
Microsoft Visual Studio Solution File, Format Version 12.00
# Visual Studio Version 16
VisualStudioVersion = 16.0.30907.101
MinimumVisualStudioVersion = 10.0.40219.1
Project("{2150E333-8FDC-42A3-9474-1A3956D46DE8}") = "misc", "misc", "{0080EF1F-A652-4498-BE59-F3FFFB3F33B2}"
	ProjectSection(SolutionItems) = preProject
		.gitignore = .gitignore
		.travis.yml = .travis.yml
		.github\workflows\build.yaml = .github\workflows\build.yaml
		LICENSE = LICENSE
		README.md = README.md
	EndProjectSection
EndProject
Project("{9A19103F-16F7-4668-BE54-9A1E7A4F7556}") = "magic.lambda.csv", "magic.lambda.csv\magic.lambda.csv.csproj", "{80E6474F-903A-4981-956D-F7831538C38F}"
EndProject
Project("{9A19103F-16F7-4668-BE54-9A1E7A4F7556}") = "magic.lambda.csv.tests", "magic.lambda.csv.tests\magic.lambda.csv.tests.csproj", "{962EA3E0-96B0-45C0-97DC-97FC047981C8}"
EndProject
Global
	GlobalSection(SolutionConfigurationPlatforms) = preSolution
		Debug|Any CPU = Debug|Any CPU
		Release|Any CPU = Release|Any CPU
	EndGlobalSection
	GlobalSection(ProjectConfigurationPlatforms) = postSolution
		{80E6474F-903A-4981-956D-F7831538C38F}.Debug|Any CPU.ActiveCfg = Debug|Any CPU
		{80E6474F-903A-4981-956D-F7831538C38F}.Debug|Any CPU.Build.0 = Debug|Any CPU
		{80E6474F-903A-4981-956D-F7831538C38F}.Release|Any CPU.ActiveCfg = Release|Any CPU
		{80E6474F-903A-4981-956D-F7831538C38F}.Release|Any CPU.Build.0 = Release|Any CPU
		{962EA3E0-96B0-45C0-97DC-97FC047981C8}.Debug|Any CPU.ActiveCfg = Debug|Any CPU
		{962EA3E0-96B0-45C0-97DC-97FC047981C8}.Debug|Any CPU.Build.0 = Debug|Any CPU
		{962EA3E0-96B0-45C0-97DC-97FC047981C8}.Release|Any CPU.ActiveCfg = Release|Any CPU
		{962EA3E0-96B0-45C0-97DC-97FC047981C8}.Release|Any CPU.Build.0 = Release|Any CPU
	EndGlobalSection
	GlobalSection(SolutionProperties) = preSolution
		HideSolutionNode = FALSE
	EndGlobalSection
	GlobalSection(ExtensibilityGlobals) = postSolution
		SolutionGuid = {A0E61469-66E6-4658-BFAE-781AEE9657E2}
	EndGlobalSection
EndGlobal
